
Microsoft Visual Studio Solution File, Format Version 12.00
# Visual Studio Version 16
VisualStudioVersion = 16.0.31112.23
MinimumVisualStudioVersion = 10.0.40219.1
Project("{FAE04EC0-301F-11D3-BF4B-00C04F79EFBC}") = "Exercicio-04", "Exercicio-04\Exercicio-04.csproj", "{A00CA38B-E33F-4A6B-9B38-A2D589BF9E27}"
EndProject
Global
	GlobalSection(SolutionConfigurationPlatforms) = preSolution
		Debug|Any CPU = Debug|Any CPU
		Release|Any CPU = Release|Any CPU
	EndGlobalSection
	GlobalSection(ProjectConfigurationPlatforms) = postSolution
		{A00CA38B-E33F-4A6B-9B38-A2D589BF9E27}.Debug|Any CPU.ActiveCfg = Debug|Any CPU
		{A00CA38B-E33F-4A6B-9B38-A2D589BF9E27}.Debug|Any CPU.Build.0 = Debug|Any CPU
		{A00CA38B-E33F-4A6B-9B38-A2D589BF9E27}.Release|Any CPU.ActiveCfg = Release|Any CPU
		{A00CA38B-E33F-4A6B-9B38-A2D589BF9E27}.Release|Any CPU.Build.0 = Release|Any CPU
	EndGlobalSection
	GlobalSection(SolutionProperties) = preSolution
		HideSolutionNode = FALSE
	EndGlobalSection
	GlobalSection(ExtensibilityGlobals) = postSolution
		SolutionGuid = {213AA582-C99F-494E-B9D9-82C5F0B7A422}
	EndGlobalSection
EndGlobal
